
Microsoft Visual Studio Solution File, Format Version 12.00
# Visual Studio Version 16
Project("{2150E333-8FDC-42A3-9474-1A3956D46DE8}") = "CMakePredefinedTargets", "CMakePredefinedTargets", "{DA1190B4-4E5A-38EB-A936-EFE83BE2AF43}"
EndProject
Project("{8BC9CEB8-8B4A-11D0-8D11-00A0C91BC942}") = "ALL_BUILD", "ALL_BUILD.vcxproj", "{82EAC845-9C48-3693-AE57-096C4AE62AB6}"
	ProjectSection(ProjectDependencies) = postProject
		{B18AD833-152A-3357-82CD-63E28DAE17FA} = {B18AD833-152A-3357-82CD-63E28DAE17FA}
		{A4B7D60C-3D82-38AA-BB65-24332C6018CE} = {A4B7D60C-3D82-38AA-BB65-24332C6018CE}
	EndProjectSection
EndProject
Project("{8BC9CEB8-8B4A-11D0-8D11-00A0C91BC942}") = "AddOn", "AddOn.vcxproj", "{B18AD833-152A-3357-82CD-63E28DAE17FA}"
	ProjectSection(ProjectDependencies) = postProject
		{A4B7D60C-3D82-38AA-BB65-24332C6018CE} = {A4B7D60C-3D82-38AA-BB65-24332C6018CE}
	EndProjectSection
EndProject
Project("{8BC9CEB8-8B4A-11D0-8D11-00A0C91BC942}") = "AddOnResources", "AddOnResources.vcxproj", "{A4B7D60C-3D82-38AA-BB65-24332C6018CE}"
	ProjectSection(ProjectDependencies) = postProject
	EndProjectSection
EndProject
Global
	GlobalSection(SolutionConfigurationPlatforms) = preSolution
		Debug|x64 = Debug|x64
		Release|x64 = Release|x64
		RelWithDebInfo|x64 = RelWithDebInfo|x64
	EndGlobalSection
	GlobalSection(ProjectConfigurationPlatforms) = postSolution
		{82EAC845-9C48-3693-AE57-096C4AE62AB6}.Debug|x64.ActiveCfg = Debug|x64
		{82EAC845-9C48-3693-AE57-096C4AE62AB6}.Release|x64.ActiveCfg = Release|x64
		{82EAC845-9C48-3693-AE57-096C4AE62AB6}.RelWithDebInfo|x64.ActiveCfg = RelWithDebInfo|x64
		{B18AD833-152A-3357-82CD-63E28DAE17FA}.Debug|x64.ActiveCfg = Debug|x64
		{B18AD833-152A-3357-82CD-63E28DAE17FA}.Debug|x64.Build.0 = Debug|x64
		{B18AD833-152A-3357-82CD-63E28DAE17FA}.Release|x64.ActiveCfg = Release|x64
		{B18AD833-152A-3357-82CD-63E28DAE17FA}.Release|x64.Build.0 = Release|x64
		{B18AD833-152A-3357-82CD-63E28DAE17FA}.RelWithDebInfo|x64.ActiveCfg = RelWithDebInfo|x64
		{B18AD833-152A-3357-82CD-63E28DAE17FA}.RelWithDebInfo|x64.Build.0 = RelWithDebInfo|x64
		{A4B7D60C-3D82-38AA-BB65-24332C6018CE}.Debug|x64.ActiveCfg = Debug|x64
		{A4B7D60C-3D82-38AA-BB65-24332C6018CE}.Debug|x64.Build.0 = Debug|x64
		{A4B7D60C-3D82-38AA-BB65-24332C6018CE}.Release|x64.ActiveCfg = Release|x64
		{A4B7D60C-3D82-38AA-BB65-24332C6018CE}.Release|x64.Build.0 = Release|x64
		{A4B7D60C-3D82-38AA-BB65-24332C6018CE}.RelWithDebInfo|x64.ActiveCfg = RelWithDebInfo|x64
		{A4B7D60C-3D82-38AA-BB65-24332C6018CE}.RelWithDebInfo|x64.Build.0 = RelWithDebInfo|x64
	EndGlobalSection
	GlobalSection(NestedProjects) = preSolution
		{82EAC845-9C48-3693-AE57-096C4AE62AB6} = {DA1190B4-4E5A-38EB-A936-EFE83BE2AF43}
	EndGlobalSection
	GlobalSection(ExtensibilityGlobals) = postSolution
		SolutionGuid = {AB858A90-91F9-380A-80FD-2F8476A8B537}
	EndGlobalSection
	GlobalSection(ExtensibilityAddIns) = postSolution
	EndGlobalSection
EndGlobal
