<?xml version="1.0" encoding="utf-8"?>
<Project ToolsVersion="16.0" xmlns="http://schemas.microsoft.com/developer/msbuild/2003">
  <ItemGroup>
    <ClCompile Include="C:\Users\kuvbur\YandexDisk\archicad_api\archicad-addon-cmake\Sources\AddOn\AddOnMain.cpp">
      <Filter>Sources</Filter>
    </ClCompile>
    <ClCompile Include="..\Sources\AddOn\Property_Test_Helpers.cpp">
      <Filter>Sources</Filter>
    </ClCompile>
  </ItemGroup>
  <ItemGroup>
    <ClInclude Include="C:\Users\kuvbur\YandexDisk\archicad_api\archicad-addon-cmake\Sources\AddOn\APIEnvir.h">
      <Filter>Sources</Filter>
    </ClInclude>
    <ClInclude Include="C:\Users\kuvbur\YandexDisk\archicad_api\archicad-addon-cmake\Sources\AddOn\ResourceIds.hpp">
      <Filter>Sources</Filter>
    </ClInclude>
    <ClInclude Include="resource.h" />
  </ItemGroup>
  <ItemGroup>
    <Filter Include="Sources">
      <UniqueIdentifier>{E06723CF-037A-3E83-BB6B-213174C81BB7}</UniqueIdentifier>
    </Filter>
  </ItemGroup>
  <ItemGroup>
    <ResourceCompile Include="AddOn.rc" />
  </ItemGroup>
</Project>