
Microsoft Visual Studio Solution File, Format Version 12.00
# Visual Studio Version 16
VisualStudioVersion = 16.0.31624.102
MinimumVisualStudioVersion = 10.0.40219.1
Project("{2150E333-8FDC-42A3-9474-1A3956D46DE8}") = "CMakePredefinedTargets", "CMakePredefinedTargets", "{439BA50B-B0EC-381E-8991-74D21009144C}"
EndProject
Project("{8BC9CEB8-8B4A-11D0-8D11-00A0C91BC942}") = "ALL_BUILD", "ALL_BUILD.vcxproj", "{F01B1625-7914-3B39-B1F7-81B0BFB4A686}"
	ProjectSection(ProjectDependencies) = postProject
		{AABA8B19-AAAD-32A2-A11F-D646AB5430D8} = {AABA8B19-AAAD-32A2-A11F-D646AB5430D8}
		{B0DEBC13-2995-34BF-9159-EC0BE7E5817A} = {B0DEBC13-2995-34BF-9159-EC0BE7E5817A}
	EndProjectSection
EndProject
Project("{8BC9CEB8-8B4A-11D0-8D11-00A0C91BC942}") = "AddOn", "AddOn.vcxproj", "{AABA8B19-AAAD-32A2-A11F-D646AB5430D8}"
	ProjectSection(ProjectDependencies) = postProject
		{B0DEBC13-2995-34BF-9159-EC0BE7E5817A} = {B0DEBC13-2995-34BF-9159-EC0BE7E5817A}
	EndProjectSection
EndProject
Project("{8BC9CEB8-8B4A-11D0-8D11-00A0C91BC942}") = "AddOnResources", "AddOnResources.vcxproj", "{B0DEBC13-2995-34BF-9159-EC0BE7E5817A}"
EndProject
Global
	GlobalSection(SolutionConfigurationPlatforms) = preSolution
		Debug|x64 = Debug|x64
		Release|x64 = Release|x64
		RelWithDebInfo|x64 = RelWithDebInfo|x64
	EndGlobalSection
	GlobalSection(ProjectConfigurationPlatforms) = postSolution
		{F01B1625-7914-3B39-B1F7-81B0BFB4A686}.Debug|x64.ActiveCfg = Debug|x64
		{F01B1625-7914-3B39-B1F7-81B0BFB4A686}.Debug|x64.Build.0 = Debug|x64
		{F01B1625-7914-3B39-B1F7-81B0BFB4A686}.Release|x64.ActiveCfg = Release|x64
		{F01B1625-7914-3B39-B1F7-81B0BFB4A686}.RelWithDebInfo|x64.ActiveCfg = RelWithDebInfo|x64
		{AABA8B19-AAAD-32A2-A11F-D646AB5430D8}.Debug|x64.ActiveCfg = Debug|x64
		{AABA8B19-AAAD-32A2-A11F-D646AB5430D8}.Debug|x64.Build.0 = Debug|x64
		{AABA8B19-AAAD-32A2-A11F-D646AB5430D8}.Release|x64.ActiveCfg = Release|x64
		{AABA8B19-AAAD-32A2-A11F-D646AB5430D8}.Release|x64.Build.0 = Release|x64
		{AABA8B19-AAAD-32A2-A11F-D646AB5430D8}.RelWithDebInfo|x64.ActiveCfg = RelWithDebInfo|x64
		{AABA8B19-AAAD-32A2-A11F-D646AB5430D8}.RelWithDebInfo|x64.Build.0 = RelWithDebInfo|x64
		{B0DEBC13-2995-34BF-9159-EC0BE7E5817A}.Debug|x64.ActiveCfg = Debug|x64
		{B0DEBC13-2995-34BF-9159-EC0BE7E5817A}.Debug|x64.Build.0 = Debug|x64
		{B0DEBC13-2995-34BF-9159-EC0BE7E5817A}.Release|x64.ActiveCfg = Release|x64
		{B0DEBC13-2995-34BF-9159-EC0BE7E5817A}.Release|x64.Build.0 = Release|x64
		{B0DEBC13-2995-34BF-9159-EC0BE7E5817A}.RelWithDebInfo|x64.ActiveCfg = RelWithDebInfo|x64
		{B0DEBC13-2995-34BF-9159-EC0BE7E5817A}.RelWithDebInfo|x64.Build.0 = RelWithDebInfo|x64
	EndGlobalSection
	GlobalSection(SolutionProperties) = preSolution
		HideSolutionNode = FALSE
	EndGlobalSection
	GlobalSection(NestedProjects) = preSolution
		{F01B1625-7914-3B39-B1F7-81B0BFB4A686} = {439BA50B-B0EC-381E-8991-74D21009144C}
	EndGlobalSection
	GlobalSection(ExtensibilityGlobals) = postSolution
		SolutionGuid = {7BC62F65-E1D3-32E2-BF03-6AB705752E1B}
	EndGlobalSection
EndGlobal
