<?xml version="1.0" encoding="utf-8"?>
<Project ToolsVersion="16.0" xmlns="http://schemas.microsoft.com/developer/msbuild/2003">
  <ItemGroup>
    <CustomBuild Include="D:\SomeStuff_addon\Build_26\CMakeFiles\f32f13bd5c9130d07318d80e5698cfa7\AddOnResources.stamp.rule">
      <Filter>CMake Rules</Filter>
    </CustomBuild>
    <CustomBuild Include="D:\SomeStuff_addon\Build_26\CMakeFiles\91e10c9f2c9e2d666940d7a4cbce9fd8\AddOnResources.rule">
      <Filter>CMake Rules</Filter>
    </CustomBuild>
  </ItemGroup>
  <ItemGroup>
    <None Include="D:\SomeStuff_addon\Build_26\CMakeFiles\AddOnResources" />
    <None Include="..\Sources\AddOnResources\RFIX\AddOnFix.grc">
      <Filter>Resources</Filter>
    </None>
    <None Include="..\Sources\AddOnResources\RFIX.win\AddOnMain.rc2">
      <Filter>Resources</Filter>
    </None>
    <None Include="..\Sources\AddOnResources\RINT\AddOn.grc">
      <Filter>Resources</Filter>
    </None>
    <None Include="..\Sources\AddOnResources\ResourceMDIDIds.hpp.in">
      <Filter>Resources</Filter>
    </None>
    <None Include="..\Sources\AddOnResources\Tools\CompileResources.py">
      <Filter>Resources</Filter>
    </None>
    <None Include="..\Sources_icon\addonicon_18x18.svg">
      <Filter>Images</Filter>
    </None>
    <None Include="..\Sources_icon\LogAllIcon_18x18.svg">
      <Filter>Images</Filter>
    </None>
    <None Include="..\Sources_icon\LogShowIcon_18x18.svg">
      <Filter>Images</Filter>
    </None>
    <None Include="..\Sources_icon\MonAllIcon_18x18.svg">
      <Filter>Images</Filter>
    </None>
    <None Include="..\Sources_icon\ReNumIcon_18x18.svg">
      <Filter>Images</Filter>
    </None>
    <None Include="..\Sources_icon\SyncAllIcon_18x18.svg">
      <Filter>Images</Filter>
    </None>
    <None Include="..\Sources_icon\SyncObject_18x18.svg">
      <Filter>Images</Filter>
    </None>
    <None Include="..\Sources_icon\SyncSelectIcon_18x18.svg">
      <Filter>Images</Filter>
    </None>
    <None Include="..\Sources_icon\SyncWall_18x18.svg">
      <Filter>Images</Filter>
    </None>
    <None Include="..\Sources_icon\SyncWindow_18x18.svg">
      <Filter>Images</Filter>
    </None>
  </ItemGroup>
  <ItemGroup>
    <Filter Include="CMake Rules">
      <UniqueIdentifier>{D3350E76-AAAA-3347-822A-58597852F514}</UniqueIdentifier>
    </Filter>
    <Filter Include="Images">
      <UniqueIdentifier>{45BA4672-882D-3459-8A42-9B817342B8AC}</UniqueIdentifier>
    </Filter>
    <Filter Include="Resources">
      <UniqueIdentifier>{9FC5CE66-F1E5-373B-81C3-12833FC5D7AF}</UniqueIdentifier>
    </Filter>
  </ItemGroup>
  <ItemGroup>
    <ClInclude Include="..\Sources\AddOnResources\ResourceMDIDIds.hpp">
      <Filter>Resources</Filter>
    </ClInclude>
  </ItemGroup>
</Project>