
Microsoft Visual Studio Solution File, Format Version 12.00
# Visual Studio Version 16
VisualStudioVersion = 16.0.31729.503
MinimumVisualStudioVersion = 10.0.40219.1
Project("{2150E333-8FDC-42A3-9474-1A3956D46DE8}") = "CMakePredefinedTargets", "CMakePredefinedTargets", "{1C307AF6-F598-3FB5-B9A3-A693C4DC25BB}"
EndProject
Project("{8BC9CEB8-8B4A-11D0-8D11-00A0C91BC942}") = "ALL_BUILD", "ALL_BUILD.vcxproj", "{C9EEBC56-9624-3731-A26E-0832D7E7C4FF}"
	ProjectSection(ProjectDependencies) = postProject
		{3957CD09-EB54-3CCC-A9F2-C9ED8B8A5538} = {3957CD09-EB54-3CCC-A9F2-C9ED8B8A5538}
		{5B2A7DBB-71FE-34E4-AF3E-7C3F1D481577} = {5B2A7DBB-71FE-34E4-AF3E-7C3F1D481577}
	EndProjectSection
EndProject
Project("{8BC9CEB8-8B4A-11D0-8D11-00A0C91BC942}") = "AddOn", "AddOn.vcxproj", "{3957CD09-EB54-3CCC-A9F2-C9ED8B8A5538}"
	ProjectSection(ProjectDependencies) = postProject
		{5B2A7DBB-71FE-34E4-AF3E-7C3F1D481577} = {5B2A7DBB-71FE-34E4-AF3E-7C3F1D481577}
	EndProjectSection
EndProject
Project("{8BC9CEB8-8B4A-11D0-8D11-00A0C91BC942}") = "AddOnResources", "AddOnResources.vcxproj", "{5B2A7DBB-71FE-34E4-AF3E-7C3F1D481577}"
EndProject
Global
	GlobalSection(SolutionConfigurationPlatforms) = preSolution
		Debug|x64 = Debug|x64
		Release|x64 = Release|x64
		RelWithDebInfo|x64 = RelWithDebInfo|x64
	EndGlobalSection
	GlobalSection(ProjectConfigurationPlatforms) = postSolution
		{C9EEBC56-9624-3731-A26E-0832D7E7C4FF}.Debug|x64.ActiveCfg = Debug|x64
		{C9EEBC56-9624-3731-A26E-0832D7E7C4FF}.Release|x64.ActiveCfg = Release|x64
		{C9EEBC56-9624-3731-A26E-0832D7E7C4FF}.RelWithDebInfo|x64.ActiveCfg = RelWithDebInfo|x64
		{3957CD09-EB54-3CCC-A9F2-C9ED8B8A5538}.Debug|x64.ActiveCfg = Debug|x64
		{3957CD09-EB54-3CCC-A9F2-C9ED8B8A5538}.Debug|x64.Build.0 = Debug|x64
		{3957CD09-EB54-3CCC-A9F2-C9ED8B8A5538}.Release|x64.ActiveCfg = Release|x64
		{3957CD09-EB54-3CCC-A9F2-C9ED8B8A5538}.Release|x64.Build.0 = Release|x64
		{3957CD09-EB54-3CCC-A9F2-C9ED8B8A5538}.RelWithDebInfo|x64.ActiveCfg = RelWithDebInfo|x64
		{3957CD09-EB54-3CCC-A9F2-C9ED8B8A5538}.RelWithDebInfo|x64.Build.0 = RelWithDebInfo|x64
		{5B2A7DBB-71FE-34E4-AF3E-7C3F1D481577}.Debug|x64.ActiveCfg = Debug|x64
		{5B2A7DBB-71FE-34E4-AF3E-7C3F1D481577}.Debug|x64.Build.0 = Debug|x64
		{5B2A7DBB-71FE-34E4-AF3E-7C3F1D481577}.Release|x64.ActiveCfg = Release|x64
		{5B2A7DBB-71FE-34E4-AF3E-7C3F1D481577}.Release|x64.Build.0 = Release|x64
		{5B2A7DBB-71FE-34E4-AF3E-7C3F1D481577}.RelWithDebInfo|x64.ActiveCfg = RelWithDebInfo|x64
		{5B2A7DBB-71FE-34E4-AF3E-7C3F1D481577}.RelWithDebInfo|x64.Build.0 = RelWithDebInfo|x64
	EndGlobalSection
	GlobalSection(SolutionProperties) = preSolution
		HideSolutionNode = FALSE
	EndGlobalSection
	GlobalSection(NestedProjects) = preSolution
		{C9EEBC56-9624-3731-A26E-0832D7E7C4FF} = {1C307AF6-F598-3FB5-B9A3-A693C4DC25BB}
	EndGlobalSection
	GlobalSection(ExtensibilityGlobals) = postSolution
		SolutionGuid = {C42430B7-2D46-3E7E-97FC-0FAC9E6AE85C}
	EndGlobalSection
EndGlobal
