<?xml version="1.0" encoding="utf-8"?>
<Project ToolsVersion="16.0" xmlns="http://schemas.microsoft.com/developer/msbuild/2003">
  <ItemGroup>
    <CustomBuild Include="D:\SomeStuff_addon\Build_23\CMakeFiles\eadc9d955d2c44c73ef395d8c85961a3\AddOnResources.stamp.rule">
      <Filter>CMake Rules</Filter>
    </CustomBuild>
    <CustomBuild Include="D:\SomeStuff_addon\Build_23\CMakeFiles\40c147a22cb62c465f65e3d4c7e0a510\AddOnResources.rule">
      <Filter>CMake Rules</Filter>
    </CustomBuild>
  </ItemGroup>
  <ItemGroup>
    <None Include="D:\SomeStuff_addon\Sources\AddOnResources\RFIX.win\AddOnMain.rc2">
      <Filter>Resources</Filter>
    </None>
    <None Include="D:\SomeStuff_addon\Sources\AddOnResources\RFIX\AddOnFix.grc">
      <Filter>Resources</Filter>
    </None>
    <None Include="D:\SomeStuff_addon\Sources\AddOnResources\RINT\AddOn.grc">
      <Filter>Resources</Filter>
    </None>
    <None Include="D:\SomeStuff_addon\Sources\AddOnResources\Tools\CompileResources.py">
      <Filter>Resources</Filter>
    </None>
    <None Include="D:\SomeStuff_addon\Sources\AddOnResources\RFIX\Images\AddOnIcon_18x18.svg">
      <Filter>Images</Filter>
    </None>
    <None Include="D:\SomeStuff_addon\Build_23\CMakeFiles\AddOnResources" />
  </ItemGroup>
  <ItemGroup>
    <Filter Include="CMake Rules">
      <UniqueIdentifier>{544435A0-64AD-3966-A4BA-3BDC6D4223AD}</UniqueIdentifier>
    </Filter>
    <Filter Include="Images">
      <UniqueIdentifier>{A64F46A2-F8D1-3078-9CD1-D0AEBF36FA80}</UniqueIdentifier>
    </Filter>
    <Filter Include="Resources">
      <UniqueIdentifier>{929D83BC-5875-34B0-A47F-822EA3D4AC34}</UniqueIdentifier>
    </Filter>
  </ItemGroup>
</Project>
